
Microsoft Visual Studio Solution File, Format Version 11.00
# Visual Studio 2010
Project("{FAE04EC0-301F-11D3-BF4B-00C04F79EFBC}") = "zqyomklw", "zqyomklw.csproj", "{8A590529-2E79-4880-888E-2804C7FAF97D}"
EndProject
Global
	GlobalSection(SolutionConfigurationPlatforms) = preSolution
		Debug|Any CPU = Debug|Any CPU
		Release|Any CPU = Release|Any CPU
	EndGlobalSection
	GlobalSection(ProjectConfigurationPlatforms) = postSolution
		{8A590529-2E79-4880-888E-2804C7FAF97D}.Debug|Any CPU.ActiveCfg = Debug|Any CPU
		{8A590529-2E79-4880-888E-2804C7FAF97D}.Debug|Any CPU.Build.0 = Debug|Any CPU
		{8A590529-2E79-4880-888E-2804C7FAF97D}.Release|Any CPU.ActiveCfg = Release|Any CPU
		{8A590529-2E79-4880-888E-2804C7FAF97D}.Release|Any CPU.Build.0 = Release|Any CPU
	EndGlobalSection
	GlobalSection(SolutionProperties) = preSolution
		HideSolutionNode = FALSE
	EndGlobalSection
EndGlobal
