
Microsoft Visual Studio Solution File, Format Version 11.00
# Visual Studio 2010
Project("{FAE04EC0-301F-11D3-BF4B-00C04F79EFBC}") = "Botcode1.0", "Botcode1.0.csproj", "{837DF0AE-041D-41A2-B652-CC36745F389D}"
EndProject
Global
	GlobalSection(SolutionConfigurationPlatforms) = preSolution
		Debug|Any CPU = Debug|Any CPU
		Release|Any CPU = Release|Any CPU
	EndGlobalSection
	GlobalSection(ProjectConfigurationPlatforms) = postSolution
		{837DF0AE-041D-41A2-B652-CC36745F389D}.Debug|Any CPU.ActiveCfg = Debug|Any CPU
		{837DF0AE-041D-41A2-B652-CC36745F389D}.Debug|Any CPU.Build.0 = Debug|Any CPU
		{837DF0AE-041D-41A2-B652-CC36745F389D}.Release|Any CPU.ActiveCfg = Release|Any CPU
		{837DF0AE-041D-41A2-B652-CC36745F389D}.Release|Any CPU.Build.0 = Release|Any CPU
	EndGlobalSection
	GlobalSection(SolutionProperties) = preSolution
		HideSolutionNode = FALSE
	EndGlobalSection
EndGlobal
