
Microsoft Visual Studio Solution File, Format Version 11.00
# Visual Studio 2010
Project("{FAE04EC0-301F-11D3-BF4B-00C04F79EFBC}") = "PiratesCsh", "cshRunner.csproj", "{0683E611-ED9B-4403-99B8-E9A597F28D7E}"
EndProject
Global
	GlobalSection(SolutionConfigurationPlatforms) = preSolution
		Debug|Any CPU = Debug|Any CPU
		Release|Any CPU = Release|Any CPU
	EndGlobalSection
	GlobalSection(ProjectConfigurationPlatforms) = postSolution
		{0683E611-ED9B-4403-99B8-E9A597F28D7E}.Debug|Any CPU.ActiveCfg = Debug|Any CPU
		{0683E611-ED9B-4403-99B8-E9A597F28D7E}.Debug|Any CPU.Build.0 = Debug|Any CPU
		{0683E611-ED9B-4403-99B8-E9A597F28D7E}.Release|Any CPU.ActiveCfg = Release|Any CPU
		{0683E611-ED9B-4403-99B8-E9A597F28D7E}.Release|Any CPU.Build.0 = Release|Any CPU
	EndGlobalSection
	GlobalSection(SolutionProperties) = preSolution
		HideSolutionNode = FALSE
	EndGlobalSection
EndGlobal
