
Microsoft Visual Studio Solution File, Format Version 11.00
# Visual Studio 2010
Project("{FAE04EC0-301F-11D3-BF4B-00C04F79EFBC}") = "o5uha11d", "o5uha11d.csproj", "{5A3A3BB1-1C24-4B8F-B533-B6FC77EFA4BD}"
EndProject
Global
	GlobalSection(SolutionConfigurationPlatforms) = preSolution
		Debug|Any CPU = Debug|Any CPU
		Release|Any CPU = Release|Any CPU
	EndGlobalSection
	GlobalSection(ProjectConfigurationPlatforms) = postSolution
		{5A3A3BB1-1C24-4B8F-B533-B6FC77EFA4BD}.Debug|Any CPU.ActiveCfg = Debug|Any CPU
		{5A3A3BB1-1C24-4B8F-B533-B6FC77EFA4BD}.Debug|Any CPU.Build.0 = Debug|Any CPU
		{5A3A3BB1-1C24-4B8F-B533-B6FC77EFA4BD}.Release|Any CPU.ActiveCfg = Release|Any CPU
		{5A3A3BB1-1C24-4B8F-B533-B6FC77EFA4BD}.Release|Any CPU.Build.0 = Release|Any CPU
	EndGlobalSection
	GlobalSection(SolutionProperties) = preSolution
		HideSolutionNode = FALSE
	EndGlobalSection
EndGlobal
